
Microsoft Visual Studio Solution File, Format Version 12.00
# Visual Studio Version 17
VisualStudioVersion = 17.7.34031.279
MinimumVisualStudioVersion = 10.0.40219.1
Project("{FAE04EC0-301F-11D3-BF4B-00C04F79EFBC}") = "FiorelloP416app", "FiorelloP416app\FiorelloP416app.csproj", "{BAC003D6-6C6F-4005-8651-66F99E4D7E27}"
EndProject
Global
	GlobalSection(SolutionConfigurationPlatforms) = preSolution
		Debug|Any CPU = Debug|Any CPU
		Release|Any CPU = Release|Any CPU
	EndGlobalSection
	GlobalSection(ProjectConfigurationPlatforms) = postSolution
		{BAC003D6-6C6F-4005-8651-66F99E4D7E27}.Debug|Any CPU.ActiveCfg = Debug|Any CPU
		{BAC003D6-6C6F-4005-8651-66F99E4D7E27}.Debug|Any CPU.Build.0 = Debug|Any CPU
		{BAC003D6-6C6F-4005-8651-66F99E4D7E27}.Release|Any CPU.ActiveCfg = Release|Any CPU
		{BAC003D6-6C6F-4005-8651-66F99E4D7E27}.Release|Any CPU.Build.0 = Release|Any CPU
	EndGlobalSection
	GlobalSection(SolutionProperties) = preSolution
		HideSolutionNode = FALSE
	EndGlobalSection
	GlobalSection(ExtensibilityGlobals) = postSolution
		SolutionGuid = {C2A0F772-97D1-45F0-A2D7-A8D218CE7B59}
	EndGlobalSection
EndGlobal
