
Microsoft Visual Studio Solution File, Format Version 12.00
# Visual Studio Version 17
VisualStudioVersion = 17.5.33516.290
MinimumVisualStudioVersion = 10.0.40219.1
Project("{FAE04EC0-301F-11D3-BF4B-00C04F79EFBC}") = "FirstWebAppP416", "FirstWebAppP416\FirstWebAppP416.csproj", "{247C6615-E162-46CB-A87B-2E30830C2DA0}"
EndProject
Global
	GlobalSection(SolutionConfigurationPlatforms) = preSolution
		Debug|Any CPU = Debug|Any CPU
		Release|Any CPU = Release|Any CPU
	EndGlobalSection
	GlobalSection(ProjectConfigurationPlatforms) = postSolution
		{247C6615-E162-46CB-A87B-2E30830C2DA0}.Debug|Any CPU.ActiveCfg = Debug|Any CPU
		{247C6615-E162-46CB-A87B-2E30830C2DA0}.Debug|Any CPU.Build.0 = Debug|Any CPU
		{247C6615-E162-46CB-A87B-2E30830C2DA0}.Release|Any CPU.ActiveCfg = Release|Any CPU
		{247C6615-E162-46CB-A87B-2E30830C2DA0}.Release|Any CPU.Build.0 = Release|Any CPU
	EndGlobalSection
	GlobalSection(SolutionProperties) = preSolution
		HideSolutionNode = FALSE
	EndGlobalSection
	GlobalSection(ExtensibilityGlobals) = postSolution
		SolutionGuid = {A6A2BC39-B61E-499D-B82F-875EB7376BBD}
	EndGlobalSection
EndGlobal
